
Microsoft Visual Studio Solution File, Format Version 12.00
# Visual Studio Version 16
VisualStudioVersion = 16.0.31410.357
MinimumVisualStudioVersion = 10.0.40219.1
Project("{FAE04EC0-301F-11D3-BF4B-00C04F79EFBC}") = "Homework2510", "Homework2510\Homework2510.csproj", "{6FF7AACB-DDDB-4B94-A76C-B31A1A57325E}"
EndProject
Global
	GlobalSection(SolutionConfigurationPlatforms) = preSolution
		Debug|Any CPU = Debug|Any CPU
		Release|Any CPU = Release|Any CPU
	EndGlobalSection
	GlobalSection(ProjectConfigurationPlatforms) = postSolution
		{6FF7AACB-DDDB-4B94-A76C-B31A1A57325E}.Debug|Any CPU.ActiveCfg = Debug|Any CPU
		{6FF7AACB-DDDB-4B94-A76C-B31A1A57325E}.Debug|Any CPU.Build.0 = Debug|Any CPU
		{6FF7AACB-DDDB-4B94-A76C-B31A1A57325E}.Release|Any CPU.ActiveCfg = Release|Any CPU
		{6FF7AACB-DDDB-4B94-A76C-B31A1A57325E}.Release|Any CPU.Build.0 = Release|Any CPU
	EndGlobalSection
	GlobalSection(SolutionProperties) = preSolution
		HideSolutionNode = FALSE
	EndGlobalSection
	GlobalSection(ExtensibilityGlobals) = postSolution
		SolutionGuid = {5E381E9B-0D80-4194-A11E-1D2994975F2C}
	EndGlobalSection
EndGlobal
