
Microsoft Visual Studio Solution File, Format Version 12.00
# Visual Studio Version 16
VisualStudioVersion = 16.0.31410.357
MinimumVisualStudioVersion = 10.0.40219.1
Project("{FAE04EC0-301F-11D3-BF4B-00C04F79EFBC}") = "ConsoleApp27", "ConsoleApp27\ConsoleApp27.csproj", "{F6F5A372-4D37-49C5-83AE-416227631EBC}"
EndProject
Global
	GlobalSection(SolutionConfigurationPlatforms) = preSolution
		Debug|Any CPU = Debug|Any CPU
		Release|Any CPU = Release|Any CPU
	EndGlobalSection
	GlobalSection(ProjectConfigurationPlatforms) = postSolution
		{F6F5A372-4D37-49C5-83AE-416227631EBC}.Debug|Any CPU.ActiveCfg = Debug|Any CPU
		{F6F5A372-4D37-49C5-83AE-416227631EBC}.Debug|Any CPU.Build.0 = Debug|Any CPU
		{F6F5A372-4D37-49C5-83AE-416227631EBC}.Release|Any CPU.ActiveCfg = Release|Any CPU
		{F6F5A372-4D37-49C5-83AE-416227631EBC}.Release|Any CPU.Build.0 = Release|Any CPU
	EndGlobalSection
	GlobalSection(SolutionProperties) = preSolution
		HideSolutionNode = FALSE
	EndGlobalSection
	GlobalSection(ExtensibilityGlobals) = postSolution
		SolutionGuid = {800F7620-D33F-41A5-BC25-74D9341300E0}
	EndGlobalSection
EndGlobal
